
Microsoft Visual Studio Solution File, Format Version 12.00
# Visual Studio Version 16
VisualStudioVersion = 25.0.1705.3
MinimumVisualStudioVersion = 10.0.40219.1
Project("{FAE04EC0-301F-11D3-BF4B-00C04F79EFBC}") = "iShopAPI", "iShopAPI\iShopAPI.csproj", "{92FC723B-7676-4D29-9147-66093988F8FF}"
EndProject
Global
	GlobalSection(SolutionConfigurationPlatforms) = preSolution
		Debug|Any CPU = Debug|Any CPU
		Release|Any CPU = Release|Any CPU
	EndGlobalSection
	GlobalSection(ProjectConfigurationPlatforms) = postSolution
		{92FC723B-7676-4D29-9147-66093988F8FF}.Debug|Any CPU.ActiveCfg = Debug|Any CPU
		{92FC723B-7676-4D29-9147-66093988F8FF}.Debug|Any CPU.Build.0 = Debug|Any CPU
		{92FC723B-7676-4D29-9147-66093988F8FF}.Release|Any CPU.ActiveCfg = Release|Any CPU
		{92FC723B-7676-4D29-9147-66093988F8FF}.Release|Any CPU.Build.0 = Release|Any CPU
	EndGlobalSection
	GlobalSection(SolutionProperties) = preSolution
		HideSolutionNode = FALSE
	EndGlobalSection
	GlobalSection(ExtensibilityGlobals) = postSolution
		SolutionGuid = {1A3F76CF-EB96-4A01-88A6-49FB452AC19E}
	EndGlobalSection
EndGlobal
